
Microsoft Visual Studio Solution File, Format Version 12.00
# Visual Studio Version 16
VisualStudioVersion = 16.0.31613.86
MinimumVisualStudioVersion = 10.0.40219.1
Project("{FAE04EC0-301F-11D3-BF4B-00C04F79EFBC}") = "Constants", "Constants\Constants.csproj", "{43C64B33-0FB2-4457-92D8-366A1C9061D6}"
EndProject
Global
	GlobalSection(SolutionConfigurationPlatforms) = preSolution
		Debug|Any CPU = Debug|Any CPU
		Release|Any CPU = Release|Any CPU
	EndGlobalSection
	GlobalSection(ProjectConfigurationPlatforms) = postSolution
		{43C64B33-0FB2-4457-92D8-366A1C9061D6}.Debug|Any CPU.ActiveCfg = Debug|Any CPU
		{43C64B33-0FB2-4457-92D8-366A1C9061D6}.Debug|Any CPU.Build.0 = Debug|Any CPU
		{43C64B33-0FB2-4457-92D8-366A1C9061D6}.Release|Any CPU.ActiveCfg = Release|Any CPU
		{43C64B33-0FB2-4457-92D8-366A1C9061D6}.Release|Any CPU.Build.0 = Release|Any CPU
	EndGlobalSection
	GlobalSection(SolutionProperties) = preSolution
		HideSolutionNode = FALSE
	EndGlobalSection
	GlobalSection(ExtensibilityGlobals) = postSolution
		SolutionGuid = {A504A478-5919-45AB-A714-2A45FECCE8F0}
	EndGlobalSection
EndGlobal
