
Microsoft Visual Studio Solution File, Format Version 12.00
# Visual Studio Version 16
VisualStudioVersion = 16.0.31613.86
MinimumVisualStudioVersion = 10.0.40219.1
Project("{FAE04EC0-301F-11D3-BF4B-00C04F79EFBC}") = "POOExamples", "POOExamples\POOExamples.csproj", "{6EFB2765-4AC9-400D-8CCD-BA11EB244C3C}"
EndProject
Global
	GlobalSection(SolutionConfigurationPlatforms) = preSolution
		Debug|Any CPU = Debug|Any CPU
		Release|Any CPU = Release|Any CPU
	EndGlobalSection
	GlobalSection(ProjectConfigurationPlatforms) = postSolution
		{6EFB2765-4AC9-400D-8CCD-BA11EB244C3C}.Debug|Any CPU.ActiveCfg = Debug|Any CPU
		{6EFB2765-4AC9-400D-8CCD-BA11EB244C3C}.Debug|Any CPU.Build.0 = Debug|Any CPU
		{6EFB2765-4AC9-400D-8CCD-BA11EB244C3C}.Release|Any CPU.ActiveCfg = Release|Any CPU
		{6EFB2765-4AC9-400D-8CCD-BA11EB244C3C}.Release|Any CPU.Build.0 = Release|Any CPU
	EndGlobalSection
	GlobalSection(SolutionProperties) = preSolution
		HideSolutionNode = FALSE
	EndGlobalSection
	GlobalSection(ExtensibilityGlobals) = postSolution
		SolutionGuid = {B9D20E72-0C3D-440C-8248-6A8215FD7A1E}
	EndGlobalSection
EndGlobal
