
Microsoft Visual Studio Solution File, Format Version 12.00
# Visual Studio Version 16
VisualStudioVersion = 16.0.31613.86
MinimumVisualStudioVersion = 10.0.40219.1
Project("{FAE04EC0-301F-11D3-BF4B-00C04F79EFBC}") = "Loops", "Loops\Loops.csproj", "{9A8F77C1-02B3-4FA5-9438-5BB4C3B43FCA}"
EndProject
Global
	GlobalSection(SolutionConfigurationPlatforms) = preSolution
		Debug|Any CPU = Debug|Any CPU
		Release|Any CPU = Release|Any CPU
	EndGlobalSection
	GlobalSection(ProjectConfigurationPlatforms) = postSolution
		{9A8F77C1-02B3-4FA5-9438-5BB4C3B43FCA}.Debug|Any CPU.ActiveCfg = Debug|Any CPU
		{9A8F77C1-02B3-4FA5-9438-5BB4C3B43FCA}.Debug|Any CPU.Build.0 = Debug|Any CPU
		{9A8F77C1-02B3-4FA5-9438-5BB4C3B43FCA}.Release|Any CPU.ActiveCfg = Release|Any CPU
		{9A8F77C1-02B3-4FA5-9438-5BB4C3B43FCA}.Release|Any CPU.Build.0 = Release|Any CPU
	EndGlobalSection
	GlobalSection(SolutionProperties) = preSolution
		HideSolutionNode = FALSE
	EndGlobalSection
	GlobalSection(ExtensibilityGlobals) = postSolution
		SolutionGuid = {398184CA-4A7A-40FA-84FB-631FEA57CF37}
	EndGlobalSection
EndGlobal
