
Microsoft Visual Studio Solution File, Format Version 12.00
# Visual Studio Version 16
VisualStudioVersion = 16.0.31613.86
MinimumVisualStudioVersion = 10.0.40219.1
Project("{FAE04EC0-301F-11D3-BF4B-00C04F79EFBC}") = "Overload", "Overload\Overload.csproj", "{EE37C3A4-D3C3-44E0-A9FF-D4A92FD5FF0F}"
EndProject
Global
	GlobalSection(SolutionConfigurationPlatforms) = preSolution
		Debug|Any CPU = Debug|Any CPU
		Release|Any CPU = Release|Any CPU
	EndGlobalSection
	GlobalSection(ProjectConfigurationPlatforms) = postSolution
		{EE37C3A4-D3C3-44E0-A9FF-D4A92FD5FF0F}.Debug|Any CPU.ActiveCfg = Debug|Any CPU
		{EE37C3A4-D3C3-44E0-A9FF-D4A92FD5FF0F}.Debug|Any CPU.Build.0 = Debug|Any CPU
		{EE37C3A4-D3C3-44E0-A9FF-D4A92FD5FF0F}.Release|Any CPU.ActiveCfg = Release|Any CPU
		{EE37C3A4-D3C3-44E0-A9FF-D4A92FD5FF0F}.Release|Any CPU.Build.0 = Release|Any CPU
	EndGlobalSection
	GlobalSection(SolutionProperties) = preSolution
		HideSolutionNode = FALSE
	EndGlobalSection
	GlobalSection(ExtensibilityGlobals) = postSolution
		SolutionGuid = {3994A2D7-33FB-43FB-8F79-D843017E762F}
	EndGlobalSection
EndGlobal
