
Microsoft Visual Studio Solution File, Format Version 12.00
# Visual Studio Version 16
VisualStudioVersion = 16.0.31613.86
MinimumVisualStudioVersion = 10.0.40219.1
Project("{FAE04EC0-301F-11D3-BF4B-00C04F79EFBC}") = "FirstApp", "FirstApp\FirstApp.csproj", "{AB214C02-9DFB-471A-8A06-DD13D7C9D996}"
EndProject
Global
	GlobalSection(SolutionConfigurationPlatforms) = preSolution
		Debug|Any CPU = Debug|Any CPU
		Release|Any CPU = Release|Any CPU
	EndGlobalSection
	GlobalSection(ProjectConfigurationPlatforms) = postSolution
		{AB214C02-9DFB-471A-8A06-DD13D7C9D996}.Debug|Any CPU.ActiveCfg = Debug|Any CPU
		{AB214C02-9DFB-471A-8A06-DD13D7C9D996}.Debug|Any CPU.Build.0 = Debug|Any CPU
		{AB214C02-9DFB-471A-8A06-DD13D7C9D996}.Release|Any CPU.ActiveCfg = Release|Any CPU
		{AB214C02-9DFB-471A-8A06-DD13D7C9D996}.Release|Any CPU.Build.0 = Release|Any CPU
	EndGlobalSection
	GlobalSection(SolutionProperties) = preSolution
		HideSolutionNode = FALSE
	EndGlobalSection
	GlobalSection(ExtensibilityGlobals) = postSolution
		SolutionGuid = {B6456D4C-DC63-488C-9836-6D23D5056086}
	EndGlobalSection
EndGlobal
